
Microsoft Visual Studio Solution File, Format Version 12.00
# Visual Studio Version 17
VisualStudioVersion = 17.14.36408.4 d17.14
MinimumVisualStudioVersion = 10.0.40219.1
Project("{FAE04EC0-301F-11D3-BF4B-00C04F79EFBC}") = "Biblioteca29", "Biblioteca29\Biblioteca29.csproj", "{29EB8A16-5735-47AB-A5E3-C1455075CCB7}"
EndProject
Global
	GlobalSection(SolutionConfigurationPlatforms) = preSolution
		Debug|Any CPU = Debug|Any CPU
		Release|Any CPU = Release|Any CPU
	EndGlobalSection
	GlobalSection(ProjectConfigurationPlatforms) = postSolution
		{29EB8A16-5735-47AB-A5E3-C1455075CCB7}.Debug|Any CPU.ActiveCfg = Debug|Any CPU
		{29EB8A16-5735-47AB-A5E3-C1455075CCB7}.Debug|Any CPU.Build.0 = Debug|Any CPU
		{29EB8A16-5735-47AB-A5E3-C1455075CCB7}.Release|Any CPU.ActiveCfg = Release|Any CPU
		{29EB8A16-5735-47AB-A5E3-C1455075CCB7}.Release|Any CPU.Build.0 = Release|Any CPU
	EndGlobalSection
	GlobalSection(SolutionProperties) = preSolution
		HideSolutionNode = FALSE
	EndGlobalSection
	GlobalSection(ExtensibilityGlobals) = postSolution
		SolutionGuid = {480ED310-0147-4294-B051-557E8C384059}
	EndGlobalSection
EndGlobal
